
Microsoft Visual Studio Solution File, Format Version 12.00
# Visual Studio Version 17
VisualStudioVersion = 17.14.36518.9
MinimumVisualStudioVersion = 10.0.40219.1
Project("{2150E333-8FDC-42A3-9474-1A3956D46DE8}") = "src", "src", "{02EA681E-C7D8-13C7-8484-4AC65E1B71E8}"
EndProject
Project("{2150E333-8FDC-42A3-9474-1A3956D46DE8}") = "tests", "tests", "{9D1858F7-715E-4099-BEC3-ADC77F3CA14D}"
EndProject
Project("{FAE04EC0-301F-11D3-BF4B-00C04F79EFBC}") = "Bobail.Domain", "Bobail.Domain\Bobail.Domain.csproj", "{5CA7FF5A-477B-48DB-AD9D-DF43506409DE}"
EndProject
Project("{FAE04EC0-301F-11D3-BF4B-00C04F79EFBC}") = "Bobail.Application", "Bobail.Application\Bobail.Application.csproj", "{D87D159E-422F-44D8-9AC9-F7A086191250}"
EndProject
Project("{FAE04EC0-301F-11D3-BF4B-00C04F79EFBC}") = "Bobail.Infrastructure", "Bobail.Infrastructure\Bobail.Infrastructure.csproj", "{B1712103-7401-4825-975B-F4F9A59D137C}"
EndProject
Project("{FAE04EC0-301F-11D3-BF4B-00C04F79EFBC}") = "Bobail.API", "Bobail.API\Bobail.API.csproj", "{E862977C-FD99-4845-8A9B-E6477EA2C47E}"
EndProject
Project("{FAE04EC0-301F-11D3-BF4B-00C04F79EFBC}") = "Bobail.Domain.Tests", "Bobail.Domain.Tests\Bobail.Domain.Tests.csproj", "{FF049F78-6B0F-4349-8577-13CE96DB9D2A}"
EndProject
Project("{FAE04EC0-301F-11D3-BF4B-00C04F79EFBC}") = "Bobail.Application.Tests", "Bobail.Application.Tests\Bobail.Application.Tests.csproj", "{1ABCC751-8690-4575-B216-C2BEEE488168}"
EndProject
Project("{FAE04EC0-301F-11D3-BF4B-00C04F79EFBC}") = "Bobail.IntegrationTests", "Bobail.IntegrationTests\Bobail.IntegrationTests.csproj", "{2CB8D4F8-D1CB-452A-9FEF-8E5B2B152A1C}"
EndProject
Project("{FAE04EC0-301F-11D3-BF4B-00C04F79EFBC}") = "Bobail.Training", "Bobail.Training\Bobail.Training.csproj", "{F88D7A7A-293E-43CA-BC5A-89F3720CC1B3}"
EndProject
Project("{FAE04EC0-301F-11D3-BF4B-00C04F79EFBC}") = "Bobail.AI.Analysis", "Bobail.AI.Analysis\Bobail.AI.Analysis.csproj", "{26B9A7EE-FF68-46A6-99AA-80377DFAC105}"
EndProject
Global
	GlobalSection(SolutionConfigurationPlatforms) = preSolution
		Debug|Any CPU = Debug|Any CPU
		Debug|x64 = Debug|x64
		Debug|x86 = Debug|x86
		Release|Any CPU = Release|Any CPU
		Release|x64 = Release|x64
		Release|x86 = Release|x86
	EndGlobalSection
	GlobalSection(ProjectConfigurationPlatforms) = postSolution
		{5CA7FF5A-477B-48DB-AD9D-DF43506409DE}.Debug|Any CPU.ActiveCfg = Debug|Any CPU
		{5CA7FF5A-477B-48DB-AD9D-DF43506409DE}.Debug|Any CPU.Build.0 = Debug|Any CPU
		{5CA7FF5A-477B-48DB-AD9D-DF43506409DE}.Debug|x64.ActiveCfg = Debug|Any CPU
		{5CA7FF5A-477B-48DB-AD9D-DF43506409DE}.Debug|x64.Build.0 = Debug|Any CPU
		{5CA7FF5A-477B-48DB-AD9D-DF43506409DE}.Debug|x86.ActiveCfg = Debug|Any CPU
		{5CA7FF5A-477B-48DB-AD9D-DF43506409DE}.Debug|x86.Build.0 = Debug|Any CPU
		{5CA7FF5A-477B-48DB-AD9D-DF43506409DE}.Release|Any CPU.ActiveCfg = Release|Any CPU
		{5CA7FF5A-477B-48DB-AD9D-DF43506409DE}.Release|Any CPU.Build.0 = Release|Any CPU
		{5CA7FF5A-477B-48DB-AD9D-DF43506409DE}.Release|x64.ActiveCfg = Release|Any CPU
		{5CA7FF5A-477B-48DB-AD9D-DF43506409DE}.Release|x64.Build.0 = Release|Any CPU
		{5CA7FF5A-477B-48DB-AD9D-DF43506409DE}.Release|x86.ActiveCfg = Release|Any CPU
		{5CA7FF5A-477B-48DB-AD9D-DF43506409DE}.Release|x86.Build.0 = Release|Any CPU
		{D87D159E-422F-44D8-9AC9-F7A086191250}.Debug|Any CPU.ActiveCfg = Debug|Any CPU
		{D87D159E-422F-44D8-9AC9-F7A086191250}.Debug|Any CPU.Build.0 = Debug|Any CPU
		{D87D159E-422F-44D8-9AC9-F7A086191250}.Debug|x64.ActiveCfg = Debug|Any CPU
		{D87D159E-422F-44D8-9AC9-F7A086191250}.Debug|x64.Build.0 = Debug|Any CPU
		{D87D159E-422F-44D8-9AC9-F7A086191250}.Debug|x86.ActiveCfg = Debug|Any CPU
		{D87D159E-422F-44D8-9AC9-F7A086191250}.Debug|x86.Build.0 = Debug|Any CPU
		{D87D159E-422F-44D8-9AC9-F7A086191250}.Release|Any CPU.ActiveCfg = Release|Any CPU
		{D87D159E-422F-44D8-9AC9-F7A086191250}.Release|Any CPU.Build.0 = Release|Any CPU
		{D87D159E-422F-44D8-9AC9-F7A086191250}.Release|x64.ActiveCfg = Release|Any CPU
		{D87D159E-422F-44D8-9AC9-F7A086191250}.Release|x64.Build.0 = Release|Any CPU
		{D87D159E-422F-44D8-9AC9-F7A086191250}.Release|x86.ActiveCfg = Release|Any CPU
		{D87D159E-422F-44D8-9AC9-F7A086191250}.Release|x86.Build.0 = Release|Any CPU
		{B1712103-7401-4825-975B-F4F9A59D137C}.Debug|Any CPU.ActiveCfg = Debug|Any CPU
		{B1712103-7401-4825-975B-F4F9A59D137C}.Debug|Any CPU.Build.0 = Debug|Any CPU
		{B1712103-7401-4825-975B-F4F9A59D137C}.Debug|x64.ActiveCfg = Debug|Any CPU
		{B1712103-7401-4825-975B-F4F9A59D137C}.Debug|x64.Build.0 = Debug|Any CPU
		{B1712103-7401-4825-975B-F4F9A59D137C}.Debug|x86.ActiveCfg = Debug|Any CPU
		{B1712103-7401-4825-975B-F4F9A59D137C}.Debug|x86.Build.0 = Debug|Any CPU
		{B1712103-7401-4825-975B-F4F9A59D137C}.Release|Any CPU.ActiveCfg = Release|Any CPU
		{B1712103-7401-4825-975B-F4F9A59D137C}.Release|Any CPU.Build.0 = Release|Any CPU
		{B1712103-7401-4825-975B-F4F9A59D137C}.Release|x64.ActiveCfg = Release|Any CPU
		{B1712103-7401-4825-975B-F4F9A59D137C}.Release|x64.Build.0 = Release|Any CPU
		{B1712103-7401-4825-975B-F4F9A59D137C}.Release|x86.ActiveCfg = Release|Any CPU
		{B1712103-7401-4825-975B-F4F9A59D137C}.Release|x86.Build.0 = Release|Any CPU
		{E862977C-FD99-4845-8A9B-E6477EA2C47E}.Debug|Any CPU.ActiveCfg = Debug|Any CPU
		{E862977C-FD99-4845-8A9B-E6477EA2C47E}.Debug|Any CPU.Build.0 = Debug|Any CPU
		{E862977C-FD99-4845-8A9B-E6477EA2C47E}.Debug|x64.ActiveCfg = Debug|Any CPU
		{E862977C-FD99-4845-8A9B-E6477EA2C47E}.Debug|x64.Build.0 = Debug|Any CPU
		{E862977C-FD99-4845-8A9B-E6477EA2C47E}.Debug|x86.ActiveCfg = Debug|Any CPU
		{E862977C-FD99-4845-8A9B-E6477EA2C47E}.Debug|x86.Build.0 = Debug|Any CPU
		{E862977C-FD99-4845-8A9B-E6477EA2C47E}.Release|Any CPU.ActiveCfg = Release|Any CPU
		{E862977C-FD99-4845-8A9B-E6477EA2C47E}.Release|Any CPU.Build.0 = Release|Any CPU
		{E862977C-FD99-4845-8A9B-E6477EA2C47E}.Release|x64.ActiveCfg = Release|Any CPU
		{E862977C-FD99-4845-8A9B-E6477EA2C47E}.Release|x64.Build.0 = Release|Any CPU
		{E862977C-FD99-4845-8A9B-E6477EA2C47E}.Release|x86.ActiveCfg = Release|Any CPU
		{E862977C-FD99-4845-8A9B-E6477EA2C47E}.Release|x86.Build.0 = Release|Any CPU
		{FF049F78-6B0F-4349-8577-13CE96DB9D2A}.Debug|Any CPU.ActiveCfg = Debug|Any CPU
		{FF049F78-6B0F-4349-8577-13CE96DB9D2A}.Debug|Any CPU.Build.0 = Debug|Any CPU
		{FF049F78-6B0F-4349-8577-13CE96DB9D2A}.Debug|x64.ActiveCfg = Debug|Any CPU
		{FF049F78-6B0F-4349-8577-13CE96DB9D2A}.Debug|x64.Build.0 = Debug|Any CPU
		{FF049F78-6B0F-4349-8577-13CE96DB9D2A}.Debug|x86.ActiveCfg = Debug|Any CPU
		{FF049F78-6B0F-4349-8577-13CE96DB9D2A}.Debug|x86.Build.0 = Debug|Any CPU
		{FF049F78-6B0F-4349-8577-13CE96DB9D2A}.Release|Any CPU.ActiveCfg = Release|Any CPU
		{FF049F78-6B0F-4349-8577-13CE96DB9D2A}.Release|Any CPU.Build.0 = Release|Any CPU
		{FF049F78-6B0F-4349-8577-13CE96DB9D2A}.Release|x64.ActiveCfg = Release|Any CPU
		{FF049F78-6B0F-4349-8577-13CE96DB9D2A}.Release|x64.Build.0 = Release|Any CPU
		{FF049F78-6B0F-4349-8577-13CE96DB9D2A}.Release|x86.ActiveCfg = Release|Any CPU
		{FF049F78-6B0F-4349-8577-13CE96DB9D2A}.Release|x86.Build.0 = Release|Any CPU
		{1ABCC751-8690-4575-B216-C2BEEE488168}.Debug|Any CPU.ActiveCfg = Debug|Any CPU
		{1ABCC751-8690-4575-B216-C2BEEE488168}.Debug|Any CPU.Build.0 = Debug|Any CPU
		{1ABCC751-8690-4575-B216-C2BEEE488168}.Debug|x64.ActiveCfg = Debug|Any CPU
		{1ABCC751-8690-4575-B216-C2BEEE488168}.Debug|x64.Build.0 = Debug|Any CPU
		{1ABCC751-8690-4575-B216-C2BEEE488168}.Debug|x86.ActiveCfg = Debug|Any CPU
		{1ABCC751-8690-4575-B216-C2BEEE488168}.Debug|x86.Build.0 = Debug|Any CPU
		{1ABCC751-8690-4575-B216-C2BEEE488168}.Release|Any CPU.ActiveCfg = Release|Any CPU
		{1ABCC751-8690-4575-B216-C2BEEE488168}.Release|Any CPU.Build.0 = Release|Any CPU
		{1ABCC751-8690-4575-B216-C2BEEE488168}.Release|x64.ActiveCfg = Release|Any CPU
		{1ABCC751-8690-4575-B216-C2BEEE488168}.Release|x64.Build.0 = Release|Any CPU
		{1ABCC751-8690-4575-B216-C2BEEE488168}.Release|x86.ActiveCfg = Release|Any CPU
		{1ABCC751-8690-4575-B216-C2BEEE488168}.Release|x86.Build.0 = Release|Any CPU
		{2CB8D4F8-D1CB-452A-9FEF-8E5B2B152A1C}.Debug|Any CPU.ActiveCfg = Debug|Any CPU
		{2CB8D4F8-D1CB-452A-9FEF-8E5B2B152A1C}.Debug|Any CPU.Build.0 = Debug|Any CPU
		{2CB8D4F8-D1CB-452A-9FEF-8E5B2B152A1C}.Debug|x64.ActiveCfg = Debug|Any CPU
		{2CB8D4F8-D1CB-452A-9FEF-8E5B2B152A1C}.Debug|x64.Build.0 = Debug|Any CPU
		{2CB8D4F8-D1CB-452A-9FEF-8E5B2B152A1C}.Debug|x86.ActiveCfg = Debug|Any CPU
		{2CB8D4F8-D1CB-452A-9FEF-8E5B2B152A1C}.Debug|x86.Build.0 = Debug|Any CPU
		{2CB8D4F8-D1CB-452A-9FEF-8E5B2B152A1C}.Release|Any CPU.ActiveCfg = Release|Any CPU
		{2CB8D4F8-D1CB-452A-9FEF-8E5B2B152A1C}.Release|Any CPU.Build.0 = Release|Any CPU
		{2CB8D4F8-D1CB-452A-9FEF-8E5B2B152A1C}.Release|x64.ActiveCfg = Release|Any CPU
		{2CB8D4F8-D1CB-452A-9FEF-8E5B2B152A1C}.Release|x64.Build.0 = Release|Any CPU
		{2CB8D4F8-D1CB-452A-9FEF-8E5B2B152A1C}.Release|x86.ActiveCfg = Release|Any CPU
		{2CB8D4F8-D1CB-452A-9FEF-8E5B2B152A1C}.Release|x86.Build.0 = Release|Any CPU
		{F88D7A7A-293E-43CA-BC5A-89F3720CC1B3}.Debug|Any CPU.ActiveCfg = Debug|Any CPU
		{F88D7A7A-293E-43CA-BC5A-89F3720CC1B3}.Debug|Any CPU.Build.0 = Debug|Any CPU
		{F88D7A7A-293E-43CA-BC5A-89F3720CC1B3}.Debug|x64.ActiveCfg = Debug|Any CPU
		{F88D7A7A-293E-43CA-BC5A-89F3720CC1B3}.Debug|x64.Build.0 = Debug|Any CPU
		{F88D7A7A-293E-43CA-BC5A-89F3720CC1B3}.Debug|x86.ActiveCfg = Debug|Any CPU
		{F88D7A7A-293E-43CA-BC5A-89F3720CC1B3}.Debug|x86.Build.0 = Debug|Any CPU
		{F88D7A7A-293E-43CA-BC5A-89F3720CC1B3}.Release|Any CPU.ActiveCfg = Release|Any CPU
		{F88D7A7A-293E-43CA-BC5A-89F3720CC1B3}.Release|Any CPU.Build.0 = Release|Any CPU
		{F88D7A7A-293E-43CA-BC5A-89F3720CC1B3}.Release|x64.ActiveCfg = Release|Any CPU
		{F88D7A7A-293E-43CA-BC5A-89F3720CC1B3}.Release|x64.Build.0 = Release|Any CPU
		{F88D7A7A-293E-43CA-BC5A-89F3720CC1B3}.Release|x86.ActiveCfg = Release|Any CPU
		{F88D7A7A-293E-43CA-BC5A-89F3720CC1B3}.Release|x86.Build.0 = Release|Any CPU
		{26B9A7EE-FF68-46A6-99AA-80377DFAC105}.Debug|Any CPU.ActiveCfg = Debug|Any CPU
		{26B9A7EE-FF68-46A6-99AA-80377DFAC105}.Debug|Any CPU.Build.0 = Debug|Any CPU
		{26B9A7EE-FF68-46A6-99AA-80377DFAC105}.Debug|x64.ActiveCfg = Debug|Any CPU
		{26B9A7EE-FF68-46A6-99AA-80377DFAC105}.Debug|x64.Build.0 = Debug|Any CPU
		{26B9A7EE-FF68-46A6-99AA-80377DFAC105}.Debug|x86.ActiveCfg = Debug|Any CPU
		{26B9A7EE-FF68-46A6-99AA-80377DFAC105}.Debug|x86.Build.0 = Debug|Any CPU
		{26B9A7EE-FF68-46A6-99AA-80377DFAC105}.Release|Any CPU.ActiveCfg = Release|Any CPU
		{26B9A7EE-FF68-46A6-99AA-80377DFAC105}.Release|Any CPU.Build.0 = Release|Any CPU
		{26B9A7EE-FF68-46A6-99AA-80377DFAC105}.Release|x64.ActiveCfg = Release|Any CPU
		{26B9A7EE-FF68-46A6-99AA-80377DFAC105}.Release|x64.Build.0 = Release|Any CPU
		{26B9A7EE-FF68-46A6-99AA-80377DFAC105}.Release|x86.ActiveCfg = Release|Any CPU
		{26B9A7EE-FF68-46A6-99AA-80377DFAC105}.Release|x86.Build.0 = Release|Any CPU
	EndGlobalSection
	GlobalSection(SolutionProperties) = preSolution
		HideSolutionNode = FALSE
	EndGlobalSection
	GlobalSection(NestedProjects) = preSolution
		{5CA7FF5A-477B-48DB-AD9D-DF43506409DE} = {02EA681E-C7D8-13C7-8484-4AC65E1B71E8}
		{D87D159E-422F-44D8-9AC9-F7A086191250} = {02EA681E-C7D8-13C7-8484-4AC65E1B71E8}
		{B1712103-7401-4825-975B-F4F9A59D137C} = {02EA681E-C7D8-13C7-8484-4AC65E1B71E8}
		{E862977C-FD99-4845-8A9B-E6477EA2C47E} = {02EA681E-C7D8-13C7-8484-4AC65E1B71E8}
		{FF049F78-6B0F-4349-8577-13CE96DB9D2A} = {9D1858F7-715E-4099-BEC3-ADC77F3CA14D}
		{1ABCC751-8690-4575-B216-C2BEEE488168} = {9D1858F7-715E-4099-BEC3-ADC77F3CA14D}
		{2CB8D4F8-D1CB-452A-9FEF-8E5B2B152A1C} = {9D1858F7-715E-4099-BEC3-ADC77F3CA14D}
	EndGlobalSection
	GlobalSection(ExtensibilityGlobals) = postSolution
		SolutionGuid = {D6BAF2F3-1BA2-47AB-AF33-5F6AA0F7A4AC}
	EndGlobalSection
EndGlobal
